// !$*UTF8*$!
{
	archiveVersion = 1;
	classes = {
	};
	objectVersion = 46;
	objects = {

/* Begin PBXBuildFile section */
		2DBA1048659E07A600788B5C /* Like.swift in Sources */ = {isa = PBXBuildFile; fileRef = 2DBA1CA095B02B6834395217 /* Like.swift */; };
		2DBA10FC316B06F2A28EFDC8 /* Project.swift in Sources */ = {isa = PBXBuildFile; fileRef = 2DBA1C1AE84171A14C153059 /* Project.swift */; };
		2DBA1144B50FC443446D8C3D /* Images.swift in Sources */ = {isa = PBXBuildFile; fileRef = 2DBA1A13FB8A9195A30268BD /* Images.swift */; };
		2DBA137D1B708F46F49E88B0 /* SortType.swift in Sources */ = {isa = PBXBuildFile; fileRef = 2DBA14D44A0F65A3A01FC02D /* SortType.swift */; };
		2DBA1397769291C0566367BA /* TimeFrame.swift in Sources */ = {isa = PBXBuildFile; fileRef = 2DBA1C517101DF36823BEDDF /* TimeFrame.swift */; };
		2DBA13EE23C431BB899664B0 /* LikeType.swift in Sources */ = {isa = PBXBuildFile; fileRef = 2DBA1209DB2EDA75B5DB935C /* LikeType.swift */; };
		2DBA16649874C1CBDD4C4728 /* UserType.swift in Sources */ = {isa = PBXBuildFile; fileRef = 2DBA1F93B1A4DFD8FE3EA9A7 /* UserType.swift */; };
		2DBA1733ECE34F62EF0AB9F9 /* ShotType.swift in Sources */ = {isa = PBXBuildFile; fileRef = 2DBA13419E6EB290AD0CA6C5 /* ShotType.swift */; };
		2DBA1785EFBE8339766BC005 /* Shot.swift in Sources */ = {isa = PBXBuildFile; fileRef = 2DBA146075AE6533143254E4 /* Shot.swift */; };
		2DBA1D8DD76134540CE1D206 /* Rebound.swift in Sources */ = {isa = PBXBuildFile; fileRef = 2DBA1E66435AC25DDDB388B1 /* Rebound.swift */; };
		2DBA1EB216D7F97000830EB0 /* ShotAttachment.swift in Sources */ = {isa = PBXBuildFile; fileRef = 2DBA18A4A57D5602EE03B22A /* ShotAttachment.swift */; };
		2DBA1ED206552D4EEA7ADE50 /* Team.swift in Sources */ = {isa = PBXBuildFile; fileRef = 2DBA17F90CFD112EC76D3E1C /* Team.swift */; };
		2DBA1F05164ED52CDF642E57 /* Comment.swift in Sources */ = {isa = PBXBuildFile; fileRef = 2DBA1CF60C9C35AB5806477E /* Comment.swift */; };
		2DBA1F1C5258BF518845711A /* TypedUser.swift in Sources */ = {isa = PBXBuildFile; fileRef = 2DBA1E8D5A90F35977FD2FDD /* TypedUser.swift */; };
		7237200E1BEEAFFA00FA932A /* RxCocoa.framework in Frameworks */ = {isa = PBXBuildFile; fileRef = 7237200C1BEEAFFA00FA932A /* RxCocoa.framework */; };
		7237200F1BEEAFFA00FA932A /* RxCocoa.framework in Embed Frameworks */ = {isa = PBXBuildFile; fileRef = 7237200C1BEEAFFA00FA932A /* RxCocoa.framework */; settings = {ATTRIBUTES = (CodeSignOnCopy, RemoveHeadersOnCopy, ); }; };
		723720101BEEAFFA00FA932A /* RxSwift.framework in Frameworks */ = {isa = PBXBuildFile; fileRef = 7237200D1BEEAFFA00FA932A /* RxSwift.framework */; };
		723720111BEEAFFA00FA932A /* RxSwift.framework in Embed Frameworks */ = {isa = PBXBuildFile; fileRef = 7237200D1BEEAFFA00FA932A /* RxSwift.framework */; settings = {ATTRIBUTES = (CodeSignOnCopy, RemoveHeadersOnCopy, ); }; };
		723720231BEEC15B00FA932A /* Assets.xcassets in Resources */ = {isa = PBXBuildFile; fileRef = 723720221BEEC15B00FA932A /* Assets.xcassets */; };
		723720261BEEC18A00FA932A /* Main.storyboard in Resources */ = {isa = PBXBuildFile; fileRef = 723720251BEEC18A00FA932A /* Main.storyboard */; };
		723720451BEED6D400FA932A /* Nimble.framework in CopyFiles */ = {isa = PBXBuildFile; fileRef = 723720431BEED6D400FA932A /* Nimble.framework */; settings = {ATTRIBUTES = (CodeSignOnCopy, RemoveHeadersOnCopy, ); }; };
		723720461BEED6D400FA932A /* Quick.framework in CopyFiles */ = {isa = PBXBuildFile; fileRef = 723720441BEED6D400FA932A /* Quick.framework */; settings = {ATTRIBUTES = (CodeSignOnCopy, RemoveHeadersOnCopy, ); }; };
		72A370211C03E3F200800221 /* SwiftyJSON.framework in Frameworks */ = {isa = PBXBuildFile; fileRef = 72A370201C03E3F200800221 /* SwiftyJSON.framework */; };
		72A370221C03E3F200800221 /* SwiftyJSON.framework in Embed Frameworks */ = {isa = PBXBuildFile; fileRef = 72A370201C03E3F200800221 /* SwiftyJSON.framework */; settings = {ATTRIBUTES = (CodeSignOnCopy, RemoveHeadersOnCopy, ); }; };
		72D538971BF0072800F9F147 /* testBucket.json in Resources */ = {isa = PBXBuildFile; fileRef = 72D538961BF0072800F9F147 /* testBucket.json */; };
		72D538991BF0078500F9F147 /* JSONConverterSpec.swift in Sources */ = {isa = PBXBuildFile; fileRef = 72D538981BF0078500F9F147 /* JSONConverterSpec.swift */; };
		72D5389D1BF007F900F9F147 /* testShots.json in Resources */ = {isa = PBXBuildFile; fileRef = 72D5389C1BF007F900F9F147 /* testShots.json */; };
		72D5389F1BF00EE800F9F147 /* testAttachments.json in Resources */ = {isa = PBXBuildFile; fileRef = 72D5389E1BF00EE800F9F147 /* testAttachments.json */; };
		72D538A11BF014DE00F9F147 /* NetworkController.swift in Sources */ = {isa = PBXBuildFile; fileRef = 72D538A01BF014DE00F9F147 /* NetworkController.swift */; };
		72D538A41BF0150D00F9F147 /* DribbbleAPI.swift in Sources */ = {isa = PBXBuildFile; fileRef = 72D538A31BF0150D00F9F147 /* DribbbleAPI.swift */; };
		72D538A61BF020D900F9F147 /* DribbbleAPISpec.swift in Sources */ = {isa = PBXBuildFile; fileRef = 72D538A51BF020D900F9F147 /* DribbbleAPISpec.swift */; };
		A85BE6ED1C1DCF99004C603C /* DateFormatter.swift in Sources */ = {isa = PBXBuildFile; fileRef = A85BE6EC1C1DCF99004C603C /* DateFormatter.swift */; };
		A86294C61C1B029F00A1BF58 /* JSONConverter.swift in Sources */ = {isa = PBXBuildFile; fileRef = 72D5388F1BEFF8AB00F9F147 /* JSONConverter.swift */; };
		A86294C71C1B029F00A1BF58 /* ViewController.swift in Sources */ = {isa = PBXBuildFile; fileRef = 7237201E1BEEC10600FA932A /* ViewController.swift */; };
		A86294C81C1B029F00A1BF58 /* AppDelegate.swift in Sources */ = {isa = PBXBuildFile; fileRef = 723DBCC31BEE985D00016513 /* AppDelegate.swift */; };
		A8D1369B1C1B4E12008AA28E /* JSONParceable.swift in Sources */ = {isa = PBXBuildFile; fileRef = A8D1369A1C1B4E12008AA28E /* JSONParceable.swift */; };
		FA062BF81BEFFAB900316585 /* Bucket.swift in Sources */ = {isa = PBXBuildFile; fileRef = FA062BF71BEFFAB900316585 /* Bucket.swift */; };
		FA062BFA1BEFFDEB00316585 /* User.swift in Sources */ = {isa = PBXBuildFile; fileRef = FA062BF91BEFFDEB00316585 /* User.swift */; };
		FA062BFC1BF0011700316585 /* Links.swift in Sources */ = {isa = PBXBuildFile; fileRef = FA062BFB1BF0011700316585 /* Links.swift */; };
/* End PBXBuildFile section */

/* Begin PBXContainerItemProxy section */
		723DBCD21BEE985D00016513 /* PBXContainerItemProxy */ = {
			isa = PBXContainerItemProxy;
			containerPortal = 723DBCB81BEE985C00016513 /* Project object */;
			proxyType = 1;
			remoteGlobalIDString = 723DBCBF1BEE985C00016513;
			remoteInfo = Bounce;
		};
/* End PBXContainerItemProxy section */

/* Begin PBXCopyFilesBuildPhase section */
		723720121BEEAFFA00FA932A /* Embed Frameworks */ = {
			isa = PBXCopyFilesBuildPhase;
			buildActionMask = 2147483647;
			dstPath = "";
			dstSubfolderSpec = 10;
			files = (
				723720111BEEAFFA00FA932A /* RxSwift.framework in Embed Frameworks */,
				7237200F1BEEAFFA00FA932A /* RxCocoa.framework in Embed Frameworks */,
				72A370221C03E3F200800221 /* SwiftyJSON.framework in Embed Frameworks */,
			);
			name = "Embed Frameworks";
			runOnlyForDeploymentPostprocessing = 0;
		};
		723720421BEED6AD00FA932A /* CopyFiles */ = {
			isa = PBXCopyFilesBuildPhase;
			buildActionMask = 2147483647;
			dstPath = "";
			dstSubfolderSpec = 10;
			files = (
				723720451BEED6D400FA932A /* Nimble.framework in CopyFiles */,
				723720461BEED6D400FA932A /* Quick.framework in CopyFiles */,
			);
			runOnlyForDeploymentPostprocessing = 0;
		};
/* End PBXCopyFilesBuildPhase section */

/* Begin PBXFileReference section */
		2DBA1209DB2EDA75B5DB935C /* LikeType.swift */ = {isa = PBXFileReference; fileEncoding = 4; lastKnownFileType = sourcecode.swift; path = LikeType.swift; sourceTree = "<group>"; };
		2DBA13419E6EB290AD0CA6C5 /* ShotType.swift */ = {isa = PBXFileReference; fileEncoding = 4; lastKnownFileType = sourcecode.swift; path = ShotType.swift; sourceTree = "<group>"; };
		2DBA146075AE6533143254E4 /* Shot.swift */ = {isa = PBXFileReference; fileEncoding = 4; lastKnownFileType = sourcecode.swift; path = Shot.swift; sourceTree = "<group>"; };
		2DBA14D44A0F65A3A01FC02D /* SortType.swift */ = {isa = PBXFileReference; fileEncoding = 4; lastKnownFileType = sourcecode.swift; path = SortType.swift; sourceTree = "<group>"; };
		2DBA17F90CFD112EC76D3E1C /* Team.swift */ = {isa = PBXFileReference; fileEncoding = 4; lastKnownFileType = sourcecode.swift; path = Team.swift; sourceTree = "<group>"; };
		2DBA18A4A57D5602EE03B22A /* ShotAttachment.swift */ = {isa = PBXFileReference; fileEncoding = 4; lastKnownFileType = sourcecode.swift; path = ShotAttachment.swift; sourceTree = "<group>"; };
		2DBA1A13FB8A9195A30268BD /* Images.swift */ = {isa = PBXFileReference; fileEncoding = 4; lastKnownFileType = sourcecode.swift; path = Images.swift; sourceTree = "<group>"; };
		2DBA1C1AE84171A14C153059 /* Project.swift */ = {isa = PBXFileReference; fileEncoding = 4; lastKnownFileType = sourcecode.swift; path = Project.swift; sourceTree = "<group>"; };
		2DBA1C517101DF36823BEDDF /* TimeFrame.swift */ = {isa = PBXFileReference; fileEncoding = 4; lastKnownFileType = sourcecode.swift; path = TimeFrame.swift; sourceTree = "<group>"; };
		2DBA1CA095B02B6834395217 /* Like.swift */ = {isa = PBXFileReference; fileEncoding = 4; lastKnownFileType = sourcecode.swift; path = Like.swift; sourceTree = "<group>"; };
		2DBA1CF60C9C35AB5806477E /* Comment.swift */ = {isa = PBXFileReference; fileEncoding = 4; lastKnownFileType = sourcecode.swift; path = Comment.swift; sourceTree = "<group>"; };
		2DBA1E66435AC25DDDB388B1 /* Rebound.swift */ = {isa = PBXFileReference; fileEncoding = 4; lastKnownFileType = sourcecode.swift; path = Rebound.swift; sourceTree = "<group>"; };
		2DBA1E8D5A90F35977FD2FDD /* TypedUser.swift */ = {isa = PBXFileReference; fileEncoding = 4; lastKnownFileType = sourcecode.swift; path = TypedUser.swift; sourceTree = "<group>"; };
		2DBA1F93B1A4DFD8FE3EA9A7 /* UserType.swift */ = {isa = PBXFileReference; fileEncoding = 4; lastKnownFileType = sourcecode.swift; path = UserType.swift; sourceTree = "<group>"; };
		7237200C1BEEAFFA00FA932A /* RxCocoa.framework */ = {isa = PBXFileReference; lastKnownFileType = wrapper.framework; name = RxCocoa.framework; path = Carthage/Build/Mac/RxCocoa.framework; sourceTree = "<group>"; };
		7237200D1BEEAFFA00FA932A /* RxSwift.framework */ = {isa = PBXFileReference; lastKnownFileType = wrapper.framework; name = RxSwift.framework; path = Carthage/Build/Mac/RxSwift.framework; sourceTree = "<group>"; };
		723720191BEEB22C00FA932A /* RxCocoa.framework.dSYM */ = {isa = PBXFileReference; lastKnownFileType = wrapper.dsym; path = RxCocoa.framework.dSYM; sourceTree = "<group>"; };
		7237201A1BEEB22C00FA932A /* RxSwift.framework.dSYM */ = {isa = PBXFileReference; lastKnownFileType = wrapper.dsym; path = RxSwift.framework.dSYM; sourceTree = "<group>"; };
		7237201E1BEEC10600FA932A /* ViewController.swift */ = {isa = PBXFileReference; fileEncoding = 4; lastKnownFileType = sourcecode.swift; path = ViewController.swift; sourceTree = "<group>"; };
		723720221BEEC15B00FA932A /* Assets.xcassets */ = {isa = PBXFileReference; lastKnownFileType = folder.assetcatalog; path = Assets.xcassets; sourceTree = "<group>"; };
		723720251BEEC18A00FA932A /* Main.storyboard */ = {isa = PBXFileReference; fileEncoding = 4; lastKnownFileType = file.storyboard; path = Main.storyboard; sourceTree = "<group>"; };
		723720281BEEC1A000FA932A /* Info.plist */ = {isa = PBXFileReference; fileEncoding = 4; lastKnownFileType = text.plist.xml; path = Info.plist; sourceTree = "<group>"; };
		723720431BEED6D400FA932A /* Nimble.framework */ = {isa = PBXFileReference; lastKnownFileType = wrapper.framework; name = Nimble.framework; path = Carthage/Build/Mac/Nimble.framework; sourceTree = "<group>"; };
		723720441BEED6D400FA932A /* Quick.framework */ = {isa = PBXFileReference; lastKnownFileType = wrapper.framework; name = Quick.framework; path = Carthage/Build/Mac/Quick.framework; sourceTree = "<group>"; };
		723DBCC01BEE985C00016513 /* Bounce.app */ = {isa = PBXFileReference; explicitFileType = wrapper.application; includeInIndex = 0; path = Bounce.app; sourceTree = BUILT_PRODUCTS_DIR; };
		723DBCC31BEE985D00016513 /* AppDelegate.swift */ = {isa = PBXFileReference; lastKnownFileType = sourcecode.swift; path = AppDelegate.swift; sourceTree = "<group>"; };
		723DBCD11BEE985D00016513 /* BounceTests.xctest */ = {isa = PBXFileReference; explicitFileType = wrapper.cfbundle; includeInIndex = 0; path = BounceTests.xctest; sourceTree = BUILT_PRODUCTS_DIR; };
		723DBCD71BEE985D00016513 /* Info.plist */ = {isa = PBXFileReference; lastKnownFileType = text.plist.xml; path = Info.plist; sourceTree = "<group>"; };
		72A370201C03E3F200800221 /* SwiftyJSON.framework */ = {isa = PBXFileReference; lastKnownFileType = wrapper.framework; name = SwiftyJSON.framework; path = Carthage/Build/Mac/SwiftyJSON.framework; sourceTree = "<group>"; };
		72D5388F1BEFF8AB00F9F147 /* JSONConverter.swift */ = {isa = PBXFileReference; fileEncoding = 4; lastKnownFileType = sourcecode.swift; path = JSONConverter.swift; sourceTree = "<group>"; };
		72D538961BF0072800F9F147 /* testBucket.json */ = {isa = PBXFileReference; fileEncoding = 4; lastKnownFileType = text.json; path = testBucket.json; sourceTree = "<group>"; };
		72D538981BF0078500F9F147 /* JSONConverterSpec.swift */ = {isa = PBXFileReference; fileEncoding = 4; lastKnownFileType = sourcecode.swift; path = JSONConverterSpec.swift; sourceTree = "<group>"; };
		72D5389C1BF007F900F9F147 /* testShots.json */ = {isa = PBXFileReference; fileEncoding = 4; lastKnownFileType = text.json; path = testShots.json; sourceTree = "<group>"; };
		72D5389E1BF00EE800F9F147 /* testAttachments.json */ = {isa = PBXFileReference; fileEncoding = 4; lastKnownFileType = text.json; path = testAttachments.json; sourceTree = "<group>"; };
		72D538A01BF014DE00F9F147 /* NetworkController.swift */ = {isa = PBXFileReference; fileEncoding = 4; lastKnownFileType = sourcecode.swift; path = NetworkController.swift; sourceTree = "<group>"; };
		72D538A31BF0150D00F9F147 /* DribbbleAPI.swift */ = {isa = PBXFileReference; fileEncoding = 4; lastKnownFileType = sourcecode.swift; path = DribbbleAPI.swift; sourceTree = "<group>"; };
		72D538A51BF020D900F9F147 /* DribbbleAPISpec.swift */ = {isa = PBXFileReference; fileEncoding = 4; lastKnownFileType = sourcecode.swift; path = DribbbleAPISpec.swift; sourceTree = "<group>"; };
		A85BE6EC1C1DCF99004C603C /* DateFormatter.swift */ = {isa = PBXFileReference; fileEncoding = 4; lastKnownFileType = sourcecode.swift; path = DateFormatter.swift; sourceTree = "<group>"; };
		A8D1369A1C1B4E12008AA28E /* JSONParceable.swift */ = {isa = PBXFileReference; fileEncoding = 4; lastKnownFileType = sourcecode.swift; path = JSONParceable.swift; sourceTree = "<group>"; };
		FA062BF71BEFFAB900316585 /* Bucket.swift */ = {isa = PBXFileReference; fileEncoding = 4; lastKnownFileType = sourcecode.swift; path = Bucket.swift; sourceTree = "<group>"; };
		FA062BF91BEFFDEB00316585 /* User.swift */ = {isa = PBXFileReference; fileEncoding = 4; lastKnownFileType = sourcecode.swift; path = User.swift; sourceTree = "<group>"; };
		FA062BFB1BF0011700316585 /* Links.swift */ = {isa = PBXFileReference; fileEncoding = 4; lastKnownFileType = sourcecode.swift; path = Links.swift; sourceTree = "<group>"; };
/* End PBXFileReference section */

/* Begin PBXFrameworksBuildPhase section */
		723DBCBD1BEE985C00016513 /* Frameworks */ = {
			isa = PBXFrameworksBuildPhase;
			buildActionMask = 2147483647;
			files = (
				723720101BEEAFFA00FA932A /* RxSwift.framework in Frameworks */,
				7237200E1BEEAFFA00FA932A /* RxCocoa.framework in Frameworks */,
				72A370211C03E3F200800221 /* SwiftyJSON.framework in Frameworks */,
			);
			runOnlyForDeploymentPostprocessing = 0;
		};
		723DBCCE1BEE985D00016513 /* Frameworks */ = {
			isa = PBXFrameworksBuildPhase;
			buildActionMask = 2147483647;
			files = (
			);
			runOnlyForDeploymentPostprocessing = 0;
		};
/* End PBXFrameworksBuildPhase section */

/* Begin PBXGroup section */
		723720171BEEB0CE00FA932A /* Frameworks */ = {
			isa = PBXGroup;
			children = (
				72A370201C03E3F200800221 /* SwiftyJSON.framework */,
				723720431BEED6D400FA932A /* Nimble.framework */,
				723720441BEED6D400FA932A /* Quick.framework */,
				7237200C1BEEAFFA00FA932A /* RxCocoa.framework */,
				7237200D1BEEAFFA00FA932A /* RxSwift.framework */,
			);
			name = Frameworks;
			sourceTree = "<group>";
		};
		7237201D1BEEB23600FA932A /* dSYMs */ = {
			isa = PBXGroup;
			children = (
				723720191BEEB22C00FA932A /* RxCocoa.framework.dSYM */,
				7237201A1BEEB22C00FA932A /* RxSwift.framework.dSYM */,
			);
			path = dSYMs;
			sourceTree = "<group>";
		};
		723720201BEEC10B00FA932A /* View */ = {
			isa = PBXGroup;
			children = (
				723720211BEEC11400FA932A /* Controllers */,
			);
			path = View;
			sourceTree = "<group>";
		};
		723720211BEEC11400FA932A /* Controllers */ = {
			isa = PBXGroup;
			children = (
				7237201E1BEEC10600FA932A /* ViewController.swift */,
			);
			path = Controllers;
			sourceTree = "<group>";
		};
		723720241BEEC16700FA932A /* Resources */ = {
			isa = PBXGroup;
			children = (
				7237202B1BEEC24A00FA932A /* Nibs */,
				7237202A1BEEC1A500FA932A /* Other-Sources */,
				723720271BEEC18E00FA932A /* Storyboards */,
				723720221BEEC15B00FA932A /* Assets.xcassets */,
			);
			path = Resources;
			sourceTree = "<group>";
		};
		723720271BEEC18E00FA932A /* Storyboards */ = {
			isa = PBXGroup;
			children = (
				723720251BEEC18A00FA932A /* Main.storyboard */,
			);
			path = Storyboards;
			sourceTree = "<group>";
		};
		7237202A1BEEC1A500FA932A /* Other-Sources */ = {
			isa = PBXGroup;
			children = (
				723720281BEEC1A000FA932A /* Info.plist */,
			);
			path = "Other-Sources";
			sourceTree = "<group>";
		};
		7237202B1BEEC24A00FA932A /* Nibs */ = {
			isa = PBXGroup;
			children = (
			);
			path = Nibs;
			sourceTree = "<group>";
		};
		7237202C1BEEC25D00FA932A /* Support */ = {
			isa = PBXGroup;
			children = (
				72D5388F1BEFF8AB00F9F147 /* JSONConverter.swift */,
				A85BE6EC1C1DCF99004C603C /* DateFormatter.swift */,
			);
			path = Support;
			sourceTree = "<group>";
		};
		7237202D1BEEC26A00FA932A /* Model */ = {
			isa = PBXGroup;
			children = (
				FA062BF71BEFFAB900316585 /* Bucket.swift */,
				2DBA1CF60C9C35AB5806477E /* Comment.swift */,
				2DBA1A13FB8A9195A30268BD /* Images.swift */,
				2DBA1CA095B02B6834395217 /* Like.swift */,
				FA062BFB1BF0011700316585 /* Links.swift */,
				2DBA1C1AE84171A14C153059 /* Project.swift */,
				2DBA1E66435AC25DDDB388B1 /* Rebound.swift */,
				2DBA146075AE6533143254E4 /* Shot.swift */,
				2DBA18A4A57D5602EE03B22A /* ShotAttachment.swift */,
				2DBA17F90CFD112EC76D3E1C /* Team.swift */,
				FA062BF91BEFFDEB00316585 /* User.swift */,
			);
			path = Model;
			sourceTree = "<group>";
		};
		7237202F1BEEC27B00FA932A /* View Model */ = {
			isa = PBXGroup;
			children = (
			);
			path = "View Model";
			sourceTree = "<group>";
		};
		723720301BEEC28D00FA932A /* Controllers */ = {
			isa = PBXGroup;
			children = (
				72D538A21BF014E200F9F147 /* Network */,
			);
			path = Controllers;
			sourceTree = "<group>";
		};
		723720311BEEC29C00FA932A /* Enums */ = {
			isa = PBXGroup;
			children = (
				2DBA1209DB2EDA75B5DB935C /* LikeType.swift */,
				2DBA13419E6EB290AD0CA6C5 /* ShotType.swift */,
				2DBA14D44A0F65A3A01FC02D /* SortType.swift */,
				2DBA1C517101DF36823BEDDF /* TimeFrame.swift */,
				2DBA1F93B1A4DFD8FE3EA9A7 /* UserType.swift */,
			);
			path = Enums;
			sourceTree = "<group>";
		};
		723720321BEEC2A100FA932A /* Extensions */ = {
			isa = PBXGroup;
			children = (
			);
			path = Extensions;
			sourceTree = "<group>";
		};
		723720331BEEC2A800FA932A /* Protocols */ = {
			isa = PBXGroup;
			children = (
				2DBA1E8D5A90F35977FD2FDD /* TypedUser.swift */,
				A8D1369A1C1B4E12008AA28E /* JSONParceable.swift */,
			);
			path = Protocols;
			sourceTree = "<group>";
		};
		723720371BEECC2900FA932A /* Network */ = {
			isa = PBXGroup;
			children = (
				72D538A51BF020D900F9F147 /* DribbbleAPISpec.swift */,
			);
			path = Network;
			sourceTree = "<group>";
		};
		723DBCB71BEE985C00016513 = {
			isa = PBXGroup;
			children = (
				723DBCC21BEE985C00016513 /* Bounce */,
				723DBCD41BEE985D00016513 /* BounceTests */,
				723720171BEEB0CE00FA932A /* Frameworks */,
				723DBCC11BEE985C00016513 /* Products */,
				7237201D1BEEB23600FA932A /* dSYMs */,
			);
			indentWidth = 4;
			sourceTree = "<group>";
			tabWidth = 4;
			usesTabs = 0;
		};
		723DBCC11BEE985C00016513 /* Products */ = {
			isa = PBXGroup;
			children = (
				723DBCC01BEE985C00016513 /* Bounce.app */,
				723DBCD11BEE985D00016513 /* BounceTests.xctest */,
			);
			name = Products;
			sourceTree = "<group>";
		};
		723DBCC21BEE985C00016513 /* Bounce */ = {
			isa = PBXGroup;
			children = (
				723720301BEEC28D00FA932A /* Controllers */,
				723720311BEEC29C00FA932A /* Enums */,
				723720321BEEC2A100FA932A /* Extensions */,
				7237202D1BEEC26A00FA932A /* Model */,
				723720331BEEC2A800FA932A /* Protocols */,
				723720241BEEC16700FA932A /* Resources */,
				7237202C1BEEC25D00FA932A /* Support */,
				723720201BEEC10B00FA932A /* View */,
				7237202F1BEEC27B00FA932A /* View Model */,
				723DBCC31BEE985D00016513 /* AppDelegate.swift */,
			);
			path = Bounce;
			sourceTree = "<group>";
		};
		723DBCD41BEE985D00016513 /* BounceTests */ = {
			isa = PBXGroup;
			children = (
				72D538951BF006B900F9F147 /* JSONConverter */,
				723720371BEECC2900FA932A /* Network */,
				723DBCD71BEE985D00016513 /* Info.plist */,
			);
			path = BounceTests;
			sourceTree = "<group>";
		};
		72D538951BF006B900F9F147 /* JSONConverter */ = {
			isa = PBXGroup;
			children = (
				72D538981BF0078500F9F147 /* JSONConverterSpec.swift */,
				72D5389E1BF00EE800F9F147 /* testAttachments.json */,
				72D538961BF0072800F9F147 /* testBucket.json */,
				72D5389C1BF007F900F9F147 /* testShots.json */,
			);
			path = JSONConverter;
			sourceTree = "<group>";
		};
		72D538A21BF014E200F9F147 /* Network */ = {
			isa = PBXGroup;
			children = (
				72D538A31BF0150D00F9F147 /* DribbbleAPI.swift */,
				72D538A01BF014DE00F9F147 /* NetworkController.swift */,
			);
			path = Network;
			sourceTree = "<group>";
		};
/* End PBXGroup section */

/* Begin PBXNativeTarget section */
		723DBCBF1BEE985C00016513 /* Bounce */ = {
			isa = PBXNativeTarget;
			buildConfigurationList = 723DBCDA1BEE985D00016513 /* Build configuration list for PBXNativeTarget "Bounce" */;
			buildPhases = (
				723DBCBC1BEE985C00016513 /* Sources */,
				723DBCBD1BEE985C00016513 /* Frameworks */,
				723DBCBE1BEE985C00016513 /* Resources */,
				CDBCF4A5E6D8941956807963 /* Warn for TODO and FIXME comments */,
				801B3ECE6326DEAF385C150F /* Set version number */,
				723720121BEEAFFA00FA932A /* Embed Frameworks */,
			);
			buildRules = (
			);
			dependencies = (
			);
			name = Bounce;
			productName = Bounce;
			productReference = 723DBCC01BEE985C00016513 /* Bounce.app */;
			productType = "com.apple.product-type.application";
		};
		723DBCD01BEE985D00016513 /* BounceTests */ = {
			isa = PBXNativeTarget;
			buildConfigurationList = 723DBCDD1BEE985D00016513 /* Build configuration list for PBXNativeTarget "BounceTests" */;
			buildPhases = (
				723DBCCD1BEE985D00016513 /* Sources */,
				723DBCCE1BEE985D00016513 /* Frameworks */,
				723DBCCF1BEE985D00016513 /* Resources */,
				723720421BEED6AD00FA932A /* CopyFiles */,
			);
			buildRules = (
			);
			dependencies = (
				723DBCD31BEE985D00016513 /* PBXTargetDependency */,
			);
			name = BounceTests;
			productName = BounceTests;
			productReference = 723DBCD11BEE985D00016513 /* BounceTests.xctest */;
			productType = "com.apple.product-type.bundle.unit-test";
		};
/* End PBXNativeTarget section */

/* Begin PBXProject section */
		723DBCB81BEE985C00016513 /* Project object */ = {
			isa = PBXProject;
			attributes = {
				LastSwiftUpdateCheck = 0710;
				LastUpgradeCheck = 0720;
				ORGANIZATIONNAME = "Marlow Charite";
				TargetAttributes = {
					723DBCBF1BEE985C00016513 = {
						CreatedOnToolsVersion = 7.1;
					};
					723DBCD01BEE985D00016513 = {
						CreatedOnToolsVersion = 7.1;
						TestTargetID = 723DBCBF1BEE985C00016513;
					};
				};
			};
			buildConfigurationList = 723DBCBB1BEE985C00016513 /* Build configuration list for PBXProject "Bounce" */;
			compatibilityVersion = "Xcode 3.2";
			developmentRegion = English;
			hasScannedForEncodings = 0;
			knownRegions = (
				en,
				Base,
			);
			mainGroup = 723DBCB71BEE985C00016513;
			productRefGroup = 723DBCC11BEE985C00016513 /* Products */;
			projectDirPath = "";
			projectRoot = "";
			targets = (
				723DBCBF1BEE985C00016513 /* Bounce */,
				723DBCD01BEE985D00016513 /* BounceTests */,
			);
		};
/* End PBXProject section */

/* Begin PBXResourcesBuildPhase section */
		723DBCBE1BEE985C00016513 /* Resources */ = {
			isa = PBXResourcesBuildPhase;
			buildActionMask = 2147483647;
			files = (
				723720231BEEC15B00FA932A /* Assets.xcassets in Resources */,
				723720261BEEC18A00FA932A /* Main.storyboard in Resources */,
			);
			runOnlyForDeploymentPostprocessing = 0;
		};
		723DBCCF1BEE985D00016513 /* Resources */ = {
			isa = PBXResourcesBuildPhase;
			buildActionMask = 2147483647;
			files = (
				72D538971BF0072800F9F147 /* testBucket.json in Resources */,
				72D5389D1BF007F900F9F147 /* testShots.json in Resources */,
				72D5389F1BF00EE800F9F147 /* testAttachments.json in Resources */,
			);
			runOnlyForDeploymentPostprocessing = 0;
		};
/* End PBXResourcesBuildPhase section */

/* Begin PBXShellScriptBuildPhase section */
		801B3ECE6326DEAF385C150F /* Set version number */ = {
			isa = PBXShellScriptBuildPhase;
			buildActionMask = 2147483647;
			files = (
			);
			inputPaths = (
			);
			name = "Set version number";
			outputPaths = (
			);
			runOnlyForDeploymentPostprocessing = 0;
			shellPath = /bin/sh;
			shellScript = "git=$(sh /etc/profile; which git)\ngit_release_version=$(\"$git\" describe --tags --always --abbrev=0)\nnumber_of_commits=$(\"$git\" rev-list master | wc -l | tr -d ' ')\ntarget_plist=\"$TARGET_BUILD_DIR/$INFOPLIST_PATH\"\ndsym_plist=\"$DWARF_DSYM_FOLDER_PATH/$DWARF_DSYM_FILE_NAME/Contents/Info.plist\"\n\nfor plist in \"$target_plist\" \"$dsym_plist\"; do\n  if [ -f \"$plist\" ]; then\n    /usr/libexec/PlistBuddy -c \"Set :CFBundleVersion $number_of_commits\" \"$plist\"\n    /usr/libexec/PlistBuddy -c \"Set :CFBundleShortVersionString ${git_release_version#*v}\" \"$plist\"\n  fi\ndone\n";
		};
		CDBCF4A5E6D8941956807963 /* Warn for TODO and FIXME comments */ = {
			isa = PBXShellScriptBuildPhase;
			buildActionMask = 2147483647;
			files = (
			);
			inputPaths = (
			);
			name = "Warn for TODO and FIXME comments";
			outputPaths = (
			);
			runOnlyForDeploymentPostprocessing = 0;
			shellPath = /bin/sh;
			shellScript = "KEYWORDS=\"TODO:|FIXME:|\\?\\?\\?:|\\!\\!\\!:\"\nFILE_EXTENSIONS=\"swift|h|m|mm|c|cpp\"\nfind -E \"${SRCROOT}\" -ipath \"${SRCROOT}/pods\" -prune -o \\( -regex \".*\\.($FILE_EXTENSIONS)$\" \\) -print0 | xargs -0 egrep --with-filename --line-number --only-matching \"($KEYWORDS).*\\$\" | perl -p -e \"s/($KEYWORDS)/ warning: \\$1/\"\n";
		};
/* End PBXShellScriptBuildPhase section */

/* Begin PBXSourcesBuildPhase section */
		723DBCBC1BEE985C00016513 /* Sources */ = {
			isa = PBXSourcesBuildPhase;
			buildActionMask = 2147483647;
			files = (
				A85BE6ED1C1DCF99004C603C /* DateFormatter.swift in Sources */,
				FA062BFA1BEFFDEB00316585 /* User.swift in Sources */,
				FA062BF81BEFFAB900316585 /* Bucket.swift in Sources */,
				A86294C61C1B029F00A1BF58 /* JSONConverter.swift in Sources */,
				A86294C71C1B029F00A1BF58 /* ViewController.swift in Sources */,
				A86294C81C1B029F00A1BF58 /* AppDelegate.swift in Sources */,
				FA062BFC1BF0011700316585 /* Links.swift in Sources */,
				2DBA1785EFBE8339766BC005 /* Shot.swift in Sources */,
				2DBA10FC316B06F2A28EFDC8 /* Project.swift in Sources */,
				2DBA1733ECE34F62EF0AB9F9 /* ShotType.swift in Sources */,
				2DBA1144B50FC443446D8C3D /* Images.swift in Sources */,
				2DBA1397769291C0566367BA /* TimeFrame.swift in Sources */,
				2DBA137D1B708F46F49E88B0 /* SortType.swift in Sources */,
				2DBA1EB216D7F97000830EB0 /* ShotAttachment.swift in Sources */,
				2DBA1F05164ED52CDF642E57 /* Comment.swift in Sources */,
				2DBA1048659E07A600788B5C /* Like.swift in Sources */,
				2DBA1D8DD76134540CE1D206 /* Rebound.swift in Sources */,
				2DBA1ED206552D4EEA7ADE50 /* Team.swift in Sources */,
				2DBA16649874C1CBDD4C4728 /* UserType.swift in Sources */,
				2DBA13EE23C431BB899664B0 /* LikeType.swift in Sources */,
				2DBA1F1C5258BF518845711A /* TypedUser.swift in Sources */,
				72D538A41BF0150D00F9F147 /* DribbbleAPI.swift in Sources */,
				A8D1369B1C1B4E12008AA28E /* JSONParceable.swift in Sources */,
				72D538A11BF014DE00F9F147 /* NetworkController.swift in Sources */,
			);
			runOnlyForDeploymentPostprocessing = 0;
		};
		723DBCCD1BEE985D00016513 /* Sources */ = {
			isa = PBXSourcesBuildPhase;
			buildActionMask = 2147483647;
			files = (
				72D538991BF0078500F9F147 /* JSONConverterSpec.swift in Sources */,
				72D538A61BF020D900F9F147 /* DribbbleAPISpec.swift in Sources */,
			);
			runOnlyForDeploymentPostprocessing = 0;
		};
/* End PBXSourcesBuildPhase section */

/* Begin PBXTargetDependency section */
		723DBCD31BEE985D00016513 /* PBXTargetDependency */ = {
			isa = PBXTargetDependency;
			target = 723DBCBF1BEE985C00016513 /* Bounce */;
			targetProxy = 723DBCD21BEE985D00016513 /* PBXContainerItemProxy */;
		};
/* End PBXTargetDependency section */

/* Begin XCBuildConfiguration section */
		723DBCD81BEE985D00016513 /* Debug */ = {
			isa = XCBuildConfiguration;
			buildSettings = {
				ALWAYS_SEARCH_USER_PATHS = NO;
				CLANG_CXX_LANGUAGE_STANDARD = "gnu++0x";
				CLANG_CXX_LIBRARY = "libc++";
				CLANG_ENABLE_MODULES = YES;
				CLANG_ENABLE_OBJC_ARC = YES;
				CLANG_WARN_BOOL_CONVERSION = YES;
				CLANG_WARN_CONSTANT_CONVERSION = YES;
				CLANG_WARN_DEPRECATED_OBJC_IMPLEMENTATIONS = YES;
				CLANG_WARN_DIRECT_OBJC_ISA_USAGE = YES_ERROR;
				CLANG_WARN_EMPTY_BODY = YES;
				CLANG_WARN_ENUM_CONVERSION = YES;
				CLANG_WARN_IMPLICIT_SIGN_CONVERSION = YES;
				CLANG_WARN_INT_CONVERSION = YES;
				CLANG_WARN_OBJC_IMPLICIT_RETAIN_SELF = YES;
				CLANG_WARN_OBJC_ROOT_CLASS = YES_ERROR;
				CLANG_WARN_SUSPICIOUS_IMPLICIT_CONVERSION = YES;
				CLANG_WARN_UNREACHABLE_CODE = YES;
				CLANG_WARN__DUPLICATE_METHOD_MATCH = YES;
				CODE_SIGN_IDENTITY = "-";
				COPY_PHASE_STRIP = NO;
				DEBUG_INFORMATION_FORMAT = dwarf;
				ENABLE_STRICT_OBJC_MSGSEND = YES;
				ENABLE_TESTABILITY = YES;
				GCC_C_LANGUAGE_STANDARD = gnu99;
				GCC_DYNAMIC_NO_PIC = NO;
				GCC_NO_COMMON_BLOCKS = YES;
				GCC_OPTIMIZATION_LEVEL = 0;
				GCC_PREPROCESSOR_DEFINITIONS = (
					"DEBUG=1",
					"$(inherited)",
				);
				GCC_WARN_64_TO_32_BIT_CONVERSION = YES;
				GCC_WARN_ABOUT_DEPRECATED_FUNCTIONS = YES;
				GCC_WARN_ABOUT_MISSING_FIELD_INITIALIZERS = YES;
				GCC_WARN_ABOUT_MISSING_NEWLINE = YES;
				GCC_WARN_ABOUT_RETURN_TYPE = YES;
				GCC_WARN_CHECK_SWITCH_STATEMENTS = YES;
				GCC_WARN_INITIALIZER_NOT_FULLY_BRACKETED = YES;
				GCC_WARN_MISSING_PARENTHESES = YES;
				GCC_WARN_SHADOW = YES;
				GCC_WARN_SIGN_COMPARE = YES;
				GCC_WARN_TYPECHECK_CALLS_TO_PRINTF = YES;
				GCC_WARN_UNDECLARED_SELECTOR = YES;
				GCC_WARN_UNINITIALIZED_AUTOS = YES_AGGRESSIVE;
				GCC_WARN_UNUSED_FUNCTION = YES;
				GCC_WARN_UNUSED_LABEL = YES;
				GCC_WARN_UNUSED_VALUE = YES;
				GCC_WARN_UNUSED_VARIABLE = YES;
				MACOSX_DEPLOYMENT_TARGET = 10.10;
				MTL_ENABLE_DEBUG_INFO = YES;
				ONLY_ACTIVE_ARCH = YES;
				RUN_CLANG_STATIC_ANALYZER = YES;
				SDKROOT = macosx;
				SWIFT_OPTIMIZATION_LEVEL = "-Onone";
			};
			name = Debug;
		};
		723DBCD91BEE985D00016513 /* Release */ = {
			isa = XCBuildConfiguration;
			buildSettings = {
				ALWAYS_SEARCH_USER_PATHS = NO;
				CLANG_CXX_LANGUAGE_STANDARD = "gnu++0x";
				CLANG_CXX_LIBRARY = "libc++";
				CLANG_ENABLE_MODULES = YES;
				CLANG_ENABLE_OBJC_ARC = YES;
				CLANG_WARN_BOOL_CONVERSION = YES;
				CLANG_WARN_CONSTANT_CONVERSION = YES;
				CLANG_WARN_DEPRECATED_OBJC_IMPLEMENTATIONS = YES;
				CLANG_WARN_DIRECT_OBJC_ISA_USAGE = YES_ERROR;
				CLANG_WARN_EMPTY_BODY = YES;
				CLANG_WARN_ENUM_CONVERSION = YES;
				CLANG_WARN_IMPLICIT_SIGN_CONVERSION = YES;
				CLANG_WARN_INT_CONVERSION = YES;
				CLANG_WARN_OBJC_IMPLICIT_RETAIN_SELF = YES;
				CLANG_WARN_OBJC_ROOT_CLASS = YES_ERROR;
				CLANG_WARN_SUSPICIOUS_IMPLICIT_CONVERSION = YES;
				CLANG_WARN_UNREACHABLE_CODE = YES;
				CLANG_WARN__DUPLICATE_METHOD_MATCH = YES;
				CODE_SIGN_IDENTITY = "-";
				COPY_PHASE_STRIP = NO;
				DEBUG_INFORMATION_FORMAT = "dwarf-with-dsym";
				ENABLE_NS_ASSERTIONS = NO;
				ENABLE_STRICT_OBJC_MSGSEND = YES;
				GCC_C_LANGUAGE_STANDARD = gnu99;
				GCC_NO_COMMON_BLOCKS = YES;
				GCC_WARN_64_TO_32_BIT_CONVERSION = YES;
				GCC_WARN_ABOUT_DEPRECATED_FUNCTIONS = YES;
				GCC_WARN_ABOUT_MISSING_FIELD_INITIALIZERS = YES;
				GCC_WARN_ABOUT_MISSING_NEWLINE = YES;
				GCC_WARN_ABOUT_RETURN_TYPE = YES;
				GCC_WARN_CHECK_SWITCH_STATEMENTS = YES;
				GCC_WARN_INITIALIZER_NOT_FULLY_BRACKETED = YES;
				GCC_WARN_MISSING_PARENTHESES = YES;
				GCC_WARN_SHADOW = YES;
				GCC_WARN_SIGN_COMPARE = YES;
				GCC_WARN_TYPECHECK_CALLS_TO_PRINTF = YES;
				GCC_WARN_UNDECLARED_SELECTOR = YES;
				GCC_WARN_UNINITIALIZED_AUTOS = YES_AGGRESSIVE;
				GCC_WARN_UNUSED_FUNCTION = YES;
				GCC_WARN_UNUSED_LABEL = YES;
				GCC_WARN_UNUSED_VALUE = YES;
				GCC_WARN_UNUSED_VARIABLE = YES;
				MACOSX_DEPLOYMENT_TARGET = 10.10;
				MTL_ENABLE_DEBUG_INFO = NO;
				RUN_CLANG_STATIC_ANALYZER = YES;
				SDKROOT = macosx;
			};
			name = Release;
		};
		723DBCDB1BEE985D00016513 /* Debug */ = {
			isa = XCBuildConfiguration;
			buildSettings = {
				ASSETCATALOG_COMPILER_APPICON_NAME = AppIcon;
				COMBINE_HIDPI_IMAGES = YES;
				FRAMEWORK_SEARCH_PATHS = (
					"$(inherited)",
					"$(PROJECT_DIR)/Carthage/Build/Mac",
				);
				INFOPLIST_FILE = "Bounce/Resources/Other-Sources/Info.plist";
				LD_RUNPATH_SEARCH_PATHS = "$(inherited) @executable_path/../Frameworks";
				PRODUCT_BUNDLE_IDENTIFIER = com.medleycrewllc.Bounce;
				PRODUCT_NAME = "$(TARGET_NAME)";
			};
			name = Debug;
		};
		723DBCDC1BEE985D00016513 /* Release */ = {
			isa = XCBuildConfiguration;
			buildSettings = {
				ASSETCATALOG_COMPILER_APPICON_NAME = AppIcon;
				COMBINE_HIDPI_IMAGES = YES;
				FRAMEWORK_SEARCH_PATHS = (
					"$(inherited)",
					"$(PROJECT_DIR)/Carthage/Build/Mac",
				);
				GCC_TREAT_WARNINGS_AS_ERRORS = YES;
				INFOPLIST_FILE = "Bounce/Resources/Other-Sources/Info.plist";
				LD_RUNPATH_SEARCH_PATHS = "$(inherited) @executable_path/../Frameworks";
				PRODUCT_BUNDLE_IDENTIFIER = com.medleycrewllc.Bounce;
				PRODUCT_NAME = "$(TARGET_NAME)";
			};
			name = Release;
		};
		723DBCDE1BEE985D00016513 /* Debug */ = {
			isa = XCBuildConfiguration;
			buildSettings = {
				BUNDLE_LOADER = "$(TEST_HOST)";
				CLANG_ENABLE_MODULES = YES;
				COMBINE_HIDPI_IMAGES = YES;
				FRAMEWORK_SEARCH_PATHS = (
					"$(inherited)",
					"$(PROJECT_DIR)/Carthage/Build/Mac",
				);
				INFOPLIST_FILE = BounceTests/Info.plist;
				LD_RUNPATH_SEARCH_PATHS = "$(inherited) @executable_path/../Frameworks @loader_path/../Frameworks";
				PRODUCT_BUNDLE_IDENTIFIER = com.medleycrewllc.BounceTests;
				PRODUCT_NAME = "$(TARGET_NAME)";
				SWIFT_OBJC_BRIDGING_HEADER = "";
				SWIFT_OPTIMIZATION_LEVEL = "-Onone";
				TEST_HOST = "$(BUILT_PRODUCTS_DIR)/Bounce.app/Contents/MacOS/Bounce";
			};
			name = Debug;
		};
		723DBCDF1BEE985D00016513 /* Release */ = {
			isa = XCBuildConfiguration;
			buildSettings = {
				BUNDLE_LOADER = "$(TEST_HOST)";
				CLANG_ENABLE_MODULES = YES;
				COMBINE_HIDPI_IMAGES = YES;
				FRAMEWORK_SEARCH_PATHS = (
					"$(inherited)",
					"$(PROJECT_DIR)/Carthage/Build/Mac",
				);
				INFOPLIST_FILE = BounceTests/Info.plist;
				LD_RUNPATH_SEARCH_PATHS = "$(inherited) @executable_path/../Frameworks @loader_path/../Frameworks";
				PRODUCT_BUNDLE_IDENTIFIER = com.medleycrewllc.BounceTests;
				PRODUCT_NAME = "$(TARGET_NAME)";
				SWIFT_OBJC_BRIDGING_HEADER = "";
				TEST_HOST = "$(BUILT_PRODUCTS_DIR)/Bounce.app/Contents/MacOS/Bounce";
			};
			name = Release;
		};
/* End XCBuildConfiguration section */

/* Begin XCConfigurationList section */
		723DBCBB1BEE985C00016513 /* Build configuration list for PBXProject "Bounce" */ = {
			isa = XCConfigurationList;
			buildConfigurations = (
				723DBCD81BEE985D00016513 /* Debug */,
				723DBCD91BEE985D00016513 /* Release */,
			);
			defaultConfigurationIsVisible = 0;
			defaultConfigurationName = Release;
		};
		723DBCDA1BEE985D00016513 /* Build configuration list for PBXNativeTarget "Bounce" */ = {
			isa = XCConfigurationList;
			buildConfigurations = (
				723DBCDB1BEE985D00016513 /* Debug */,
				723DBCDC1BEE985D00016513 /* Release */,
			);
			defaultConfigurationIsVisible = 0;
			defaultConfigurationName = Release;
		};
		723DBCDD1BEE985D00016513 /* Build configuration list for PBXNativeTarget "BounceTests" */ = {
			isa = XCConfigurationList;
			buildConfigurations = (
				723DBCDE1BEE985D00016513 /* Debug */,
				723DBCDF1BEE985D00016513 /* Release */,
			);
			defaultConfigurationIsVisible = 0;
			defaultConfigurationName = Release;
		};
/* End XCConfigurationList section */
	};
	rootObject = 723DBCB81BEE985C00016513 /* Project object */;
}
